
Microsoft Visual Studio Solution File, Format Version 12.00
# Visual Studio Version 17
VisualStudioVersion = 17.3.32819.101
MinimumVisualStudioVersion = 10.0.40219.1
Project("{FAE04EC0-301F-11D3-BF4B-00C04F79EFBC}") = "GoldenTest", "GoldenTest.csproj", "{5A161827-1667-473A-8690-E42C92F46C51}"
EndProject
Project("{FAE04EC0-301F-11D3-BF4B-00C04F79EFBC}") = "GoldServices", "..\GoldServices\GoldServices.csproj", "{2A6B2406-C9FC-4F8A-9FD3-DE2E35D5CCD7}"
EndProject
Global
	GlobalSection(SolutionConfigurationPlatforms) = preSolution
		Debug|Any CPU = Debug|Any CPU
		Release|Any CPU = Release|Any CPU
	EndGlobalSection
	GlobalSection(ProjectConfigurationPlatforms) = postSolution
		{5A161827-1667-473A-8690-E42C92F46C51}.Debug|Any CPU.ActiveCfg = Debug|Any CPU
		{5A161827-1667-473A-8690-E42C92F46C51}.Debug|Any CPU.Build.0 = Debug|Any CPU
		{5A161827-1667-473A-8690-E42C92F46C51}.Release|Any CPU.ActiveCfg = Release|Any CPU
		{5A161827-1667-473A-8690-E42C92F46C51}.Release|Any CPU.Build.0 = Release|Any CPU
		{2A6B2406-C9FC-4F8A-9FD3-DE2E35D5CCD7}.Debug|Any CPU.ActiveCfg = Debug|Any CPU
		{2A6B2406-C9FC-4F8A-9FD3-DE2E35D5CCD7}.Debug|Any CPU.Build.0 = Debug|Any CPU
		{2A6B2406-C9FC-4F8A-9FD3-DE2E35D5CCD7}.Release|Any CPU.ActiveCfg = Release|Any CPU
		{2A6B2406-C9FC-4F8A-9FD3-DE2E35D5CCD7}.Release|Any CPU.Build.0 = Release|Any CPU
	EndGlobalSection
	GlobalSection(SolutionProperties) = preSolution
		HideSolutionNode = FALSE
	EndGlobalSection
	GlobalSection(ExtensibilityGlobals) = postSolution
		SolutionGuid = {B00185A9-CD89-4DCD-A846-79458077534A}
	EndGlobalSection
EndGlobal
