Microsoft Visual Studio Solution File, Format Version 12.00
# Visual Studio Version 17
VisualStudioVersion = 17.0.31611.283
MinimumVisualStudioVersion = 10.0.40219.1
Project("{9A19103F-16F7-4668-BE54-9A1E7A4F7556}") = "Gold", "Gold.csproj", "{2B824131-F739-454B-AFF5-9A1613F63362}"
EndProject
Project("{9A19103F-16F7-4668-BE54-9A1E7A4F7556}") = "GoldServices", "..\GoldServices\GoldServices.csproj", "{792F047C-A736-470C-8912-5124110E5198}"
EndProject
Project("{9A19103F-16F7-4668-BE54-9A1E7A4F7556}") = "GoldAPI", "..\GoldAPI\GoldAPI.csproj", "{BEBC99FE-6CAE-4330-BE05-52095D498EE4}"
EndProject
Global
	GlobalSection(SolutionConfigurationPlatforms) = preSolution
		Debug|Any CPU = Debug|Any CPU
		Release|Any CPU = Release|Any CPU
	EndGlobalSection
	GlobalSection(ProjectConfigurationPlatforms) = postSolution
		{2B824131-F739-454B-AFF5-9A1613F63362}.Debug|Any CPU.ActiveCfg = Debug|Any CPU
		{2B824131-F739-454B-AFF5-9A1613F63362}.Debug|Any CPU.Build.0 = Debug|Any CPU
		{2B824131-F739-454B-AFF5-9A1613F63362}.Debug|Any CPU.Deploy.0 = Debug|Any CPU
		{2B824131-F739-454B-AFF5-9A1613F63362}.Release|Any CPU.ActiveCfg = Release|Any CPU
		{2B824131-F739-454B-AFF5-9A1613F63362}.Release|Any CPU.Build.0 = Release|Any CPU
		{2B824131-F739-454B-AFF5-9A1613F63362}.Release|Any CPU.Deploy.0 = Release|Any CPU
		{792F047C-A736-470C-8912-5124110E5198}.Debug|Any CPU.ActiveCfg = Debug|Any CPU
		{792F047C-A736-470C-8912-5124110E5198}.Debug|Any CPU.Build.0 = Debug|Any CPU
		{792F047C-A736-470C-8912-5124110E5198}.Release|Any CPU.ActiveCfg = Release|Any CPU
		{792F047C-A736-470C-8912-5124110E5198}.Release|Any CPU.Build.0 = Release|Any CPU
		{BEBC99FE-6CAE-4330-BE05-52095D498EE4}.Debug|Any CPU.ActiveCfg = Debug|Any CPU
		{BEBC99FE-6CAE-4330-BE05-52095D498EE4}.Debug|Any CPU.Build.0 = Debug|Any CPU
		{BEBC99FE-6CAE-4330-BE05-52095D498EE4}.Release|Any CPU.ActiveCfg = Release|Any CPU
		{BEBC99FE-6CAE-4330-BE05-52095D498EE4}.Release|Any CPU.Build.0 = Release|Any CPU
	EndGlobalSection
	GlobalSection(SolutionProperties) = preSolution
		HideSolutionNode = FALSE
	EndGlobalSection
	GlobalSection(ExtensibilityGlobals) = postSolution
		SolutionGuid = {61F7FB11-1E47-470C-91E2-47F8143E1572}
	EndGlobalSection
EndGlobal
